
Microsoft Visual Studio Solution File, Format Version 12.00
# Visual Studio 2013
VisualStudioVersion = 12.0.30501.0
MinimumVisualStudioVersion = 10.0.40219.1
Project("{FAE04EC0-301F-11D3-BF4B-00C04F79EFBC}") = "eManager.Domain", "eManager.Domain\eManager.Domain.csproj", "{0F0A9B8C-9F6C-44FB-912D-526F2B3D44BC}"
EndProject
Project("{FAE04EC0-301F-11D3-BF4B-00C04F79EFBC}") = "eManager.Web", "eManager.Web\eManager.Web.csproj", "{8962B415-688C-4608-BEF0-8A0B2A2BC108}"
EndProject
Global
	GlobalSection(SolutionConfigurationPlatforms) = preSolution
		Debug|Any CPU = Debug|Any CPU
		Release|Any CPU = Release|Any CPU
	EndGlobalSection
	GlobalSection(ProjectConfigurationPlatforms) = postSolution
		{0F0A9B8C-9F6C-44FB-912D-526F2B3D44BC}.Debug|Any CPU.ActiveCfg = Debug|Any CPU
		{0F0A9B8C-9F6C-44FB-912D-526F2B3D44BC}.Debug|Any CPU.Build.0 = Debug|Any CPU
		{0F0A9B8C-9F6C-44FB-912D-526F2B3D44BC}.Release|Any CPU.ActiveCfg = Release|Any CPU
		{0F0A9B8C-9F6C-44FB-912D-526F2B3D44BC}.Release|Any CPU.Build.0 = Release|Any CPU
		{8962B415-688C-4608-BEF0-8A0B2A2BC108}.Debug|Any CPU.ActiveCfg = Debug|Any CPU
		{8962B415-688C-4608-BEF0-8A0B2A2BC108}.Debug|Any CPU.Build.0 = Debug|Any CPU
		{8962B415-688C-4608-BEF0-8A0B2A2BC108}.Release|Any CPU.ActiveCfg = Release|Any CPU
		{8962B415-688C-4608-BEF0-8A0B2A2BC108}.Release|Any CPU.Build.0 = Release|Any CPU
	EndGlobalSection
	GlobalSection(SolutionProperties) = preSolution
		HideSolutionNode = FALSE
	EndGlobalSection
EndGlobal
